// !$*UTF8*$!
{
	archiveVersion = 1;
	classes = {
	};
	objectVersion = 50;
	objects = {

/* Begin PBXBuildFile section */
		A8EF99436485848460CF4079 /* Pods_SolarX.framework in Frameworks */ = {isa = PBXBuildFile; fileRef = 3D7CBD9A89C0A5D0030586CF /* Pods_SolarX.framework */; };
		D01ECE18268B16C8004904C7 /* AppDelegate.swift in Sources */ = {isa = PBXBuildFile; fileRef = D01ECE17268B16C8004904C7 /* AppDelegate.swift */; };
		D01ECE1A268B16C8004904C7 /* SceneDelegate.swift in Sources */ = {isa = PBXBuildFile; fileRef = D01ECE19268B16C8004904C7 /* SceneDelegate.swift */; };
		D01ECE1C268B16C8004904C7 /* ViewController.swift in Sources */ = {isa = PBXBuildFile; fileRef = D01ECE1B268B16C8004904C7 /* ViewController.swift */; };
		D01ECE1F268B16C8004904C7 /* Main.storyboard in Resources */ = {isa = PBXBuildFile; fileRef = D01ECE1D268B16C8004904C7 /* Main.storyboard */; };
		D01ECE21268B16C9004904C7 /* Assets.xcassets in Resources */ = {isa = PBXBuildFile; fileRef = D01ECE20268B16C9004904C7 /* Assets.xcassets */; };
		D01ECE24268B16C9004904C7 /* LaunchScreen.storyboard in Resources */ = {isa = PBXBuildFile; fileRef = D01ECE22268B16C9004904C7 /* LaunchScreen.storyboard */; };
/* End PBXBuildFile section */

/* Begin PBXFileReference section */
		3D7CBD9A89C0A5D0030586CF /* Pods_SolarX.framework */ = {isa = PBXFileReference; explicitFileType = wrapper.framework; includeInIndex = 0; path = Pods_SolarX.framework; sourceTree = BUILT_PRODUCTS_DIR; };
		570746365509E37E3CB782AD /* Pods-SolarX.release.xcconfig */ = {isa = PBXFileReference; includeInIndex = 1; lastKnownFileType = text.xcconfig; name = "Pods-SolarX.release.xcconfig"; path = "Target Support Files/Pods-SolarX/Pods-SolarX.release.xcconfig"; sourceTree = "<group>"; };
		9BC4C8509A7500CF194B7132 /* Pods-SolarX.debug.xcconfig */ = {isa = PBXFileReference; includeInIndex = 1; lastKnownFileType = text.xcconfig; name = "Pods-SolarX.debug.xcconfig"; path = "Target Support Files/Pods-SolarX/Pods-SolarX.debug.xcconfig"; sourceTree = "<group>"; };
		D01ECE14268B16C8004904C7 /* SolarX.app */ = {isa = PBXFileReference; explicitFileType = wrapper.application; includeInIndex = 0; path = SolarX.app; sourceTree = BUILT_PRODUCTS_DIR; };
		D01ECE17268B16C8004904C7 /* AppDelegate.swift */ = {isa = PBXFileReference; lastKnownFileType = sourcecode.swift; path = AppDelegate.swift; sourceTree = "<group>"; };
		D01ECE19268B16C8004904C7 /* SceneDelegate.swift */ = {isa = PBXFileReference; lastKnownFileType = sourcecode.swift; path = SceneDelegate.swift; sourceTree = "<group>"; };
		D01ECE1B268B16C8004904C7 /* ViewController.swift */ = {isa = PBXFileReference; lastKnownFileType = sourcecode.swift; path = ViewController.swift; sourceTree = "<group>"; };
		D01ECE1E268B16C8004904C7 /* Base */ = {isa = PBXFileReference; lastKnownFileType = file.storyboard; name = Base; path = Base.lproj/Main.storyboard; sourceTree = "<group>"; };
		D01ECE20268B16C9004904C7 /* Assets.xcassets */ = {isa = PBXFileReference; lastKnownFileType = folder.assetcatalog; path = Assets.xcassets; sourceTree = "<group>"; };
		D01ECE23268B16C9004904C7 /* Base */ = {isa = PBXFileReference; lastKnownFileType = file.storyboard; name = Base; path = Base.lproj/LaunchScreen.storyboard; sourceTree = "<group>"; };
		D01ECE25268B16C9004904C7 /* Info.plist */ = {isa = PBXFileReference; lastKnownFileType = text.plist.xml; path = Info.plist; sourceTree = "<group>"; };
/* End PBXFileReference section */

/* Begin PBXFrameworksBuildPhase section */
		D01ECE11268B16C8004904C7 /* Frameworks */ = {
			isa = PBXFrameworksBuildPhase;
			buildActionMask = 2147483647;
			files = (
				A8EF99436485848460CF4079 /* Pods_SolarX.framework in Frameworks */,
			);
			runOnlyForDeploymentPostprocessing = 0;
		};
/* End PBXFrameworksBuildPhase section */

/* Begin PBXGroup section */
		D01ECE0B268B16C8004904C7 = {
			isa = PBXGroup;
			children = (
				D01ECE16268B16C8004904C7 /* SolarX */,
				D01ECE15268B16C8004904C7 /* Products */,
				F1DBD07C48C291EACE7825BD /* Pods */,
				F12367DCCBB773F23C0BEF0F /* Frameworks */,
			);
			sourceTree = "<group>";
		};
		D01ECE15268B16C8004904C7 /* Products */ = {
			isa = PBXGroup;
			children = (
				D01ECE14268B16C8004904C7 /* SolarX.app */,
			);
			name = Products;
			sourceTree = "<group>";
		};
		D01ECE16268B16C8004904C7 /* SolarX */ = {
			isa = PBXGroup;
			children = (
				D01ECE17268B16C8004904C7 /* AppDelegate.swift */,
				D01ECE19268B16C8004904C7 /* SceneDelegate.swift */,
				D01ECE1B268B16C8004904C7 /* ViewController.swift */,
				D01ECE1D268B16C8004904C7 /* Main.storyboard */,
				D01ECE20268B16C9004904C7 /* Assets.xcassets */,
				D01ECE22268B16C9004904C7 /* LaunchScreen.storyboard */,
				D01ECE25268B16C9004904C7 /* Info.plist */,
			);
			path = SolarX;
			sourceTree = "<group>";
		};
		F12367DCCBB773F23C0BEF0F /* Frameworks */ = {
			isa = PBXGroup;
			children = (
				3D7CBD9A89C0A5D0030586CF /* Pods_SolarX.framework */,
			);
			name = Frameworks;
			sourceTree = "<group>";
		};
		F1DBD07C48C291EACE7825BD /* Pods */ = {
			isa = PBXGroup;
			children = (
				9BC4C8509A7500CF194B7132 /* Pods-SolarX.debug.xcconfig */,
				570746365509E37E3CB782AD /* Pods-SolarX.release.xcconfig */,
			);
			name = Pods;
			path = Pods;
			sourceTree = "<group>";
		};
/* End PBXGroup section */

/* Begin PBXNativeTarget section */
		D01ECE13268B16C8004904C7 /* SolarX */ = {
			isa = PBXNativeTarget;
			buildConfigurationList = D01ECE28268B16C9004904C7 /* Build configuration list for PBXNativeTarget "SolarX" */;
			buildPhases = (
				C8A665466C49351C6879AF2C /* [CP] Check Pods Manifest.lock */,
				D01ECE10268B16C8004904C7 /* Sources */,
				D01ECE11268B16C8004904C7 /* Frameworks */,
				D01ECE12268B16C8004904C7 /* Resources */,
				B9EAF72C9C2B8F3EA026865B /* [CP] Embed Pods Frameworks */,
			);
			buildRules = (
			);
			dependencies = (
			);
			name = SolarX;
			productName = SolarX;
			productReference = D01ECE14268B16C8004904C7 /* SolarX.app */;
			productType = "com.apple.product-type.application";
		};
/* End PBXNativeTarget section */

/* Begin PBXProject section */
		D01ECE0C268B16C8004904C7 /* Project object */ = {
			isa = PBXProject;
			attributes = {
				LastSwiftUpdateCheck = 1250;
				LastUpgradeCheck = 1250;
				TargetAttributes = {
					D01ECE13268B16C8004904C7 = {
						CreatedOnToolsVersion = 12.5.1;
					};
				};
			};
			buildConfigurationList = D01ECE0F268B16C8004904C7 /* Build configuration list for PBXProject "SolarX" */;
			compatibilityVersion = "Xcode 9.3";
			developmentRegion = en;
			hasScannedForEncodings = 0;
			knownRegions = (
				en,
				Base,
			);
			mainGroup = D01ECE0B268B16C8004904C7;
			productRefGroup = D01ECE15268B16C8004904C7 /* Products */;
			projectDirPath = "";
			projectRoot = "";
			targets = (
				D01ECE13268B16C8004904C7 /* SolarX */,
			);
		};
/* End PBXProject section */

/* Begin PBXResourcesBuildPhase section */
		D01ECE12268B16C8004904C7 /* Resources */ = {
			isa = PBXResourcesBuildPhase;
			buildActionMask = 2147483647;
			files = (
				D01ECE24268B16C9004904C7 /* LaunchScreen.storyboard in Resources */,
				D01ECE21268B16C9004904C7 /* Assets.xcassets in Resources */,
				D01ECE1F268B16C8004904C7 /* Main.storyboard in Resources */,
			);
			runOnlyForDeploymentPostprocessing = 0;
		};
/* End PBXResourcesBuildPhase section */

/* Begin PBXShellScriptBuildPhase section */
		B9EAF72C9C2B8F3EA026865B /* [CP] Embed Pods Frameworks */ = {
			isa = PBXShellScriptBuildPhase;
			buildActionMask = 2147483647;
			files = (
			);
			inputFileListPaths = (
				"${PODS_ROOT}/Target Support Files/Pods-SolarX/Pods-SolarX-frameworks-${CONFIGURATION}-input-files.xcfilelist",
			);
			name = "[CP] Embed Pods Frameworks";
			outputFileListPaths = (
				"${PODS_ROOT}/Target Support Files/Pods-SolarX/Pods-SolarX-frameworks-${CONFIGURATION}-output-files.xcfilelist",
			);
			runOnlyForDeploymentPostprocessing = 0;
			shellPath = /bin/sh;
			shellScript = "\"${PODS_ROOT}/Target Support Files/Pods-SolarX/Pods-SolarX-frameworks.sh\"\n";
			showEnvVarsInLog = 0;
		};
		C8A665466C49351C6879AF2C /* [CP] Check Pods Manifest.lock */ = {
			isa = PBXShellScriptBuildPhase;
			buildActionMask = 2147483647;
			files = (
			);
			inputFileListPaths = (
			);
			inputPaths = (
				"${PODS_PODFILE_DIR_PATH}/Podfile.lock",
				"${PODS_ROOT}/Manifest.lock",
			);
			name = "[CP] Check Pods Manifest.lock";
			outputFileListPaths = (
			);
			outputPaths = (
				"$(DERIVED_FILE_DIR)/Pods-SolarX-checkManifestLockResult.txt",
			);
			runOnlyForDeploymentPostprocessing = 0;
			shellPath = /bin/sh;
			shellScript = "diff \"${PODS_PODFILE_DIR_PATH}/Podfile.lock\" \"${PODS_ROOT}/Manifest.lock\" > /dev/null\nif [ $? != 0 ] ; then\n    # print error to STDERR\n    echo \"error: The sandbox is not in sync with the Podfile.lock. Run 'pod install' or update your CocoaPods installation.\" >&2\n    exit 1\nfi\n# This output is used by Xcode 'outputs' to avoid re-running this script phase.\necho \"SUCCESS\" > \"${SCRIPT_OUTPUT_FILE_0}\"\n";
			showEnvVarsInLog = 0;
		};
/* End PBXShellScriptBuildPhase section */

/* Begin PBXSourcesBuildPhase section */
		D01ECE10268B16C8004904C7 /* Sources */ = {
			isa = PBXSourcesBuildPhase;
			buildActionMask = 2147483647;
			files = (
				D01ECE1C268B16C8004904C7 /* ViewController.swift in Sources */,
				D01ECE18268B16C8004904C7 /* AppDelegate.swift in Sources */,
				D01ECE1A268B16C8004904C7 /* SceneDelegate.swift in Sources */,
			);
			runOnlyForDeploymentPostprocessing = 0;
		};
/* End PBXSourcesBuildPhase section */

/* Begin PBXVariantGroup section */
		D01ECE1D268B16C8004904C7 /* Main.storyboard */ = {
			isa = PBXVariantGroup;
			children = (
				D01ECE1E268B16C8004904C7 /* Base */,
			);
			name = Main.storyboard;
			sourceTree = "<group>";
		};
		D01ECE22268B16C9004904C7 /* LaunchScreen.storyboard */ = {
			isa = PBXVariantGroup;
			children = (
				D01ECE23268B16C9004904C7 /* Base */,
			);
			name = LaunchScreen.storyboard;
			sourceTree = "<group>";
		};
/* End PBXVariantGroup section */

/* Begin XCBuildConfiguration section */
		D01ECE26268B16C9004904C7 /* Debug */ = {
			isa = XCBuildConfiguration;
			buildSettings = {
				ALWAYS_SEARCH_USER_PATHS = NO;
				CLANG_ANALYZER_NONNULL = YES;
				CLANG_ANALYZER_NUMBER_OBJECT_CONVERSION = YES_AGGRESSIVE;
				CLANG_CXX_LANGUAGE_STANDARD = "gnu++14";
				CLANG_CXX_LIBRARY = "libc++";
				CLANG_ENABLE_MODULES = YES;
				CLANG_ENABLE_OBJC_ARC = YES;
				CLANG_ENABLE_OBJC_WEAK = YES;
				CLANG_WARN_BLOCK_CAPTURE_AUTORELEASING = YES;
				CLANG_WARN_BOOL_CONVERSION = YES;
				CLANG_WARN_COMMA = YES;
				CLANG_WARN_CONSTANT_CONVERSION = YES;
				CLANG_WARN_DEPRECATED_OBJC_IMPLEMENTATIONS = YES;
				CLANG_WARN_DIRECT_OBJC_ISA_USAGE = YES_ERROR;
				CLANG_WARN_DOCUMENTATION_COMMENTS = YES;
				CLANG_WARN_EMPTY_BODY = YES;
				CLANG_WARN_ENUM_CONVERSION = YES;
				CLANG_WARN_INFINITE_RECURSION = YES;
				CLANG_WARN_INT_CONVERSION = YES;
				CLANG_WARN_NON_LITERAL_NULL_CONVERSION = YES;
				CLANG_WARN_OBJC_IMPLICIT_RETAIN_SELF = YES;
				CLANG_WARN_OBJC_LITERAL_CONVERSION = YES;
				CLANG_WARN_OBJC_ROOT_CLASS = YES_ERROR;
				CLANG_WARN_QUOTED_INCLUDE_IN_FRAMEWORK_HEADER = YES;
				CLANG_WARN_RANGE_LOOP_ANALYSIS = YES;
				CLANG_WARN_STRICT_PROTOTYPES = YES;
				CLANG_WARN_SUSPICIOUS_MOVE = YES;
				CLANG_WARN_UNGUARDED_AVAILABILITY = YES_AGGRESSIVE;
				CLANG_WARN_UNREACHABLE_CODE = YES;
				CLANG_WARN__DUPLICATE_METHOD_MATCH = YES;
				COPY_PHASE_STRIP = NO;
				DEBUG_INFORMATION_FORMAT = dwarf;
				ENABLE_STRICT_OBJC_MSGSEND = YES;
				ENABLE_TESTABILITY = YES;
				GCC_C_LANGUAGE_STANDARD = gnu11;
				GCC_DYNAMIC_NO_PIC = NO;
				GCC_NO_COMMON_BLOCKS = YES;
				GCC_OPTIMIZATION_LEVEL = 0;
				GCC_PREPROCESSOR_DEFINITIONS = (
					"DEBUG=1",
					"$(inherited)",
				);
				GCC_WARN_64_TO_32_BIT_CONVERSION = YES;
				GCC_WARN_ABOUT_RETURN_TYPE = YES_ERROR;
				GCC_WARN_UNDECLARED_SELECTOR = YES;
				GCC_WARN_UNINITIALIZED_AUTOS = YES_AGGRESSIVE;
				GCC_WARN_UNUSED_FUNCTION = YES;
				GCC_WARN_UNUSED_VARIABLE = YES;
				IPHONEOS_DEPLOYMENT_TARGET = 14.5;
				MTL_ENABLE_DEBUG_INFO = INCLUDE_SOURCE;
				MTL_FAST_MATH = YES;
				ONLY_ACTIVE_ARCH = YES;
				SDKROOT = iphoneos;
				SWIFT_ACTIVE_COMPILATION_CONDITIONS = DEBUG;
				SWIFT_OPTIMIZATION_LEVEL = "-Onone";
			};
			name = Debug;
		};
		D01ECE27268B16C9004904C7 /* Release */ = {
			isa = XCBuildConfiguration;
			buildSettings = {
				ALWAYS_SEARCH_USER_PATHS = NO;
				CLANG_ANALYZER_NONNULL = YES;
				CLANG_ANALYZER_NUMBER_OBJECT_CONVERSION = YES_AGGRESSIVE;
				CLANG_CXX_LANGUAGE_STANDARD = "gnu++14";
				CLANG_CXX_LIBRARY = "libc++";
				CLANG_ENABLE_MODULES = YES;
				CLANG_ENABLE_OBJC_ARC = YES;
				CLANG_ENABLE_OBJC_WEAK = YES;
				CLANG_WARN_BLOCK_CAPTURE_AUTORELEASING = YES;
				CLANG_WARN_BOOL_CONVERSION = YES;
				CLANG_WARN_COMMA = YES;
				CLANG_WARN_CONSTANT_CONVERSION = YES;
				CLANG_WARN_DEPRECATED_OBJC_IMPLEMENTATIONS = YES;
				CLANG_WARN_DIRECT_OBJC_ISA_USAGE = YES_ERROR;
				CLANG_WARN_DOCUMENTATION_COMMENTS = YES;
				CLANG_WARN_EMPTY_BODY = YES;
				CLANG_WARN_ENUM_CONVERSION = YES;
				CLANG_WARN_INFINITE_RECURSION = YES;
				CLANG_WARN_INT_CONVERSION = YES;
				CLANG_WARN_NON_LITERAL_NULL_CONVERSION = YES;
				CLANG_WARN_OBJC_IMPLICIT_RETAIN_SELF = YES;
				CLANG_WARN_OBJC_LITERAL_CONVERSION = YES;
				CLANG_WARN_OBJC_ROOT_CLASS = YES_ERROR;
				CLANG_WARN_QUOTED_INCLUDE_IN_FRAMEWORK_HEADER = YES;
				CLANG_WARN_RANGE_LOOP_ANALYSIS = YES;
				CLANG_WARN_STRICT_PROTOTYPES = YES;
				CLANG_WARN_SUSPICIOUS_MOVE = YES;
				CLANG_WARN_UNGUARDED_AVAILABILITY = YES_AGGRESSIVE;
				CLANG_WARN_UNREACHABLE_CODE = YES;
				CLANG_WARN__DUPLICATE_METHOD_MATCH = YES;
				COPY_PHASE_STRIP = NO;
				DEBUG_INFORMATION_FORMAT = "dwarf-with-dsym";
				ENABLE_NS_ASSERTIONS = NO;
				ENABLE_STRICT_OBJC_MSGSEND = YES;
				GCC_C_LANGUAGE_STANDARD = gnu11;
				GCC_NO_COMMON_BLOCKS = YES;
				GCC_WARN_64_TO_32_BIT_CONVERSION = YES;
				GCC_WARN_ABOUT_RETURN_TYPE = YES_ERROR;
				GCC_WARN_UNDECLARED_SELECTOR = YES;
				GCC_WARN_UNINITIALIZED_AUTOS = YES_AGGRESSIVE;
				GCC_WARN_UNUSED_FUNCTION = YES;
				GCC_WARN_UNUSED_VARIABLE = YES;
				IPHONEOS_DEPLOYMENT_TARGET = 14.5;
				MTL_ENABLE_DEBUG_INFO = NO;
				MTL_FAST_MATH = YES;
				SDKROOT = iphoneos;
				SWIFT_COMPILATION_MODE = wholemodule;
				SWIFT_OPTIMIZATION_LEVEL = "-O";
				VALIDATE_PRODUCT = YES;
			};
			name = Release;
		};
		D01ECE29268B16C9004904C7 /* Debug */ = {
			isa = XCBuildConfiguration;
			baseConfigurationReference = 9BC4C8509A7500CF194B7132 /* Pods-SolarX.debug.xcconfig */;
			buildSettings = {
				ASSETCATALOG_COMPILER_APPICON_NAME = AppIcon;
				ASSETCATALOG_COMPILER_GLOBAL_ACCENT_COLOR_NAME = AccentColor;
				CODE_SIGN_STYLE = Automatic;
				DEVELOPMENT_TEAM = JCH97SA8UR;
				INFOPLIST_FILE = SolarX/Info.plist;
				LD_RUNPATH_SEARCH_PATHS = (
					"$(inherited)",
					"@executable_path/Frameworks",
				);
				PRODUCT_BUNDLE_IDENTIFIER = "The-Misfits.SolarX";
				PRODUCT_NAME = "$(TARGET_NAME)";
				SWIFT_VERSION = 5.0;
				TARGETED_DEVICE_FAMILY = "1,2";
			};
			name = Debug;
		};
		D01ECE2A268B16C9004904C7 /* Release */ = {
			isa = XCBuildConfiguration;
			baseConfigurationReference = 570746365509E37E3CB782AD /* Pods-SolarX.release.xcconfig */;
			buildSettings = {
				ASSETCATALOG_COMPILER_APPICON_NAME = AppIcon;
				ASSETCATALOG_COMPILER_GLOBAL_ACCENT_COLOR_NAME = AccentColor;
				CODE_SIGN_STYLE = Automatic;
				DEVELOPMENT_TEAM = JCH97SA8UR;
				INFOPLIST_FILE = SolarX/Info.plist;
				LD_RUNPATH_SEARCH_PATHS = (
					"$(inherited)",
					"@executable_path/Frameworks",
				);
				PRODUCT_BUNDLE_IDENTIFIER = "The-Misfits.SolarX";
				PRODUCT_NAME = "$(TARGET_NAME)";
				SWIFT_VERSION = 5.0;
				TARGETED_DEVICE_FAMILY = "1,2";
			};
			name = Release;
		};
/* End XCBuildConfiguration section */

/* Begin XCConfigurationList section */
		D01ECE0F268B16C8004904C7 /* Build configuration list for PBXProject "SolarX" */ = {
			isa = XCConfigurationList;
			buildConfigurations = (
				D01ECE26268B16C9004904C7 /* Debug */,
				D01ECE27268B16C9004904C7 /* Release */,
			);
			defaultConfigurationIsVisible = 0;
			defaultConfigurationName = Release;
		};
		D01ECE28268B16C9004904C7 /* Build configuration list for PBXNativeTarget "SolarX" */ = {
			isa = XCConfigurationList;
			buildConfigurations = (
				D01ECE29268B16C9004904C7 /* Debug */,
				D01ECE2A268B16C9004904C7 /* Release */,
			);
			defaultConfigurationIsVisible = 0;
			defaultConfigurationName = Release;
		};
/* End XCConfigurationList section */
	};
	rootObject = D01ECE0C268B16C8004904C7 /* Project object */;
}
